# THIS IS AN AUTOGENERATED FILE. DO NOT EDIT THIS FILE DIRECTLY.
# yarn lockfile v1


react-async-component@^2.0.0:
  version "2.0.0"
  resolved "https://registry.yarnpkg.com/react-async-component/-/react-async-component-2.0.0.tgz#a56c1278ac588291fce6cd5cf033eb97eb36483c"
  integrity sha512-wefjuqJt5dYQC0y6v5uKqeDhigiVJQN3PO4L2/nF0/r3shtH52iRH3JvLP0UADhNsNnQmyORoqhVOJ59K7XQZA==
